
Microsoft Visual Studio Solution File, Format Version 12.00
# Visual Studio 15
VisualStudioVersion = 15.0.27130.2036
MinimumVisualStudioVersion = 10.0.40219.1
Project("{8BC9CEB8-8B4A-11D0-8D11-00A0C91BC942}") = "FileSystem", "FileSystem\FileSystem.vcxproj", "{674884B4-B3D2-42C3-AC80-CC0A6E577C71}"
EndProject
Project("{8BC9CEB8-8B4A-11D0-8D11-00A0C91BC942}") = "CPPBlockingQueue", "CPPBlockingQueue\CPPBlockingQueue.vcxproj", "{E51A99BD-7A40-48CE-971E-0258F987D770}"
EndProject
Project("{8BC9CEB8-8B4A-11D0-8D11-00A0C91BC942}") = "FileMgr", "FileMgr\FileMgr.vcxproj", "{DC782FAF-3A6E-4021-9970-392182A93E50}"
EndProject
Project("{8BC9CEB8-8B4A-11D0-8D11-00A0C91BC942}") = "Search", "Search\Search.vcxproj", "{54738CA2-E77E-4286-A8CC-700CE5399812}"
EndProject
Project("{8BC9CEB8-8B4A-11D0-8D11-00A0C91BC942}") = "FileMgrComp", "FileMgrComp\FileMgrComp.vcxproj", "{81D1658F-17E7-4E17-861A-6BFAC4A1E4EA}"
EndProject
Project("{8BC9CEB8-8B4A-11D0-8D11-00A0C91BC942}") = "TextSearchClient", "TextSearchClient\TextSearchClient.vcxproj", "{1E3DA9A0-E328-4787-8F2C-968F392A49AF}"
EndProject
Project("{8BC9CEB8-8B4A-11D0-8D11-00A0C91BC942}") = "TextSearchComp", "TextSearchComp\TextSearchComp.vcxproj", "{53B24E6B-6A6F-4F7A-BA81-6778BD80FA3C}"
EndProject
Global
	GlobalSection(SolutionConfigurationPlatforms) = preSolution
		Debug|x64 = Debug|x64
		Debug|x86 = Debug|x86
		Release|x64 = Release|x64
		Release|x86 = Release|x86
	EndGlobalSection
	GlobalSection(ProjectConfigurationPlatforms) = postSolution
		{674884B4-B3D2-42C3-AC80-CC0A6E577C71}.Debug|x64.ActiveCfg = Debug|x64
		{674884B4-B3D2-42C3-AC80-CC0A6E577C71}.Debug|x64.Build.0 = Debug|x64
		{674884B4-B3D2-42C3-AC80-CC0A6E577C71}.Debug|x86.ActiveCfg = Debug|Win32
		{674884B4-B3D2-42C3-AC80-CC0A6E577C71}.Debug|x86.Build.0 = Debug|Win32
		{674884B4-B3D2-42C3-AC80-CC0A6E577C71}.Release|x64.ActiveCfg = Release|x64
		{674884B4-B3D2-42C3-AC80-CC0A6E577C71}.Release|x64.Build.0 = Release|x64
		{674884B4-B3D2-42C3-AC80-CC0A6E577C71}.Release|x86.ActiveCfg = Release|Win32
		{674884B4-B3D2-42C3-AC80-CC0A6E577C71}.Release|x86.Build.0 = Release|Win32
		{E51A99BD-7A40-48CE-971E-0258F987D770}.Debug|x64.ActiveCfg = Debug|x64
		{E51A99BD-7A40-48CE-971E-0258F987D770}.Debug|x64.Build.0 = Debug|x64
		{E51A99BD-7A40-48CE-971E-0258F987D770}.Debug|x86.ActiveCfg = Debug|Win32
		{E51A99BD-7A40-48CE-971E-0258F987D770}.Debug|x86.Build.0 = Debug|Win32
		{E51A99BD-7A40-48CE-971E-0258F987D770}.Release|x64.ActiveCfg = Release|x64
		{E51A99BD-7A40-48CE-971E-0258F987D770}.Release|x64.Build.0 = Release|x64
		{E51A99BD-7A40-48CE-971E-0258F987D770}.Release|x86.ActiveCfg = Release|Win32
		{E51A99BD-7A40-48CE-971E-0258F987D770}.Release|x86.Build.0 = Release|Win32
		{DC782FAF-3A6E-4021-9970-392182A93E50}.Debug|x64.ActiveCfg = Debug|x64
		{DC782FAF-3A6E-4021-9970-392182A93E50}.Debug|x64.Build.0 = Debug|x64
		{DC782FAF-3A6E-4021-9970-392182A93E50}.Debug|x86.ActiveCfg = Debug|Win32
		{DC782FAF-3A6E-4021-9970-392182A93E50}.Debug|x86.Build.0 = Debug|Win32
		{DC782FAF-3A6E-4021-9970-392182A93E50}.Release|x64.ActiveCfg = Release|x64
		{DC782FAF-3A6E-4021-9970-392182A93E50}.Release|x64.Build.0 = Release|x64
		{DC782FAF-3A6E-4021-9970-392182A93E50}.Release|x86.ActiveCfg = Release|Win32
		{DC782FAF-3A6E-4021-9970-392182A93E50}.Release|x86.Build.0 = Release|Win32
		{54738CA2-E77E-4286-A8CC-700CE5399812}.Debug|x64.ActiveCfg = Debug|x64
		{54738CA2-E77E-4286-A8CC-700CE5399812}.Debug|x64.Build.0 = Debug|x64
		{54738CA2-E77E-4286-A8CC-700CE5399812}.Debug|x86.ActiveCfg = Debug|Win32
		{54738CA2-E77E-4286-A8CC-700CE5399812}.Debug|x86.Build.0 = Debug|Win32
		{54738CA2-E77E-4286-A8CC-700CE5399812}.Release|x64.ActiveCfg = Release|x64
		{54738CA2-E77E-4286-A8CC-700CE5399812}.Release|x64.Build.0 = Release|x64
		{54738CA2-E77E-4286-A8CC-700CE5399812}.Release|x86.ActiveCfg = Release|Win32
		{54738CA2-E77E-4286-A8CC-700CE5399812}.Release|x86.Build.0 = Release|Win32
		{81D1658F-17E7-4E17-861A-6BFAC4A1E4EA}.Debug|x64.ActiveCfg = Debug|x64
		{81D1658F-17E7-4E17-861A-6BFAC4A1E4EA}.Debug|x64.Build.0 = Debug|x64
		{81D1658F-17E7-4E17-861A-6BFAC4A1E4EA}.Debug|x86.ActiveCfg = Debug|Win32
		{81D1658F-17E7-4E17-861A-6BFAC4A1E4EA}.Debug|x86.Build.0 = Debug|Win32
		{81D1658F-17E7-4E17-861A-6BFAC4A1E4EA}.Release|x64.ActiveCfg = Release|x64
		{81D1658F-17E7-4E17-861A-6BFAC4A1E4EA}.Release|x64.Build.0 = Release|x64
		{81D1658F-17E7-4E17-861A-6BFAC4A1E4EA}.Release|x86.ActiveCfg = Release|Win32
		{81D1658F-17E7-4E17-861A-6BFAC4A1E4EA}.Release|x86.Build.0 = Release|Win32
		{1E3DA9A0-E328-4787-8F2C-968F392A49AF}.Debug|x64.ActiveCfg = Debug|x64
		{1E3DA9A0-E328-4787-8F2C-968F392A49AF}.Debug|x64.Build.0 = Debug|x64
		{1E3DA9A0-E328-4787-8F2C-968F392A49AF}.Debug|x86.ActiveCfg = Debug|Win32
		{1E3DA9A0-E328-4787-8F2C-968F392A49AF}.Debug|x86.Build.0 = Debug|Win32
		{1E3DA9A0-E328-4787-8F2C-968F392A49AF}.Release|x64.ActiveCfg = Release|x64
		{1E3DA9A0-E328-4787-8F2C-968F392A49AF}.Release|x64.Build.0 = Release|x64
		{1E3DA9A0-E328-4787-8F2C-968F392A49AF}.Release|x86.ActiveCfg = Release|Win32
		{1E3DA9A0-E328-4787-8F2C-968F392A49AF}.Release|x86.Build.0 = Release|Win32
		{53B24E6B-6A6F-4F7A-BA81-6778BD80FA3C}.Debug|x64.ActiveCfg = Debug|x64
		{53B24E6B-6A6F-4F7A-BA81-6778BD80FA3C}.Debug|x64.Build.0 = Debug|x64
		{53B24E6B-6A6F-4F7A-BA81-6778BD80FA3C}.Debug|x86.ActiveCfg = Debug|Win32
		{53B24E6B-6A6F-4F7A-BA81-6778BD80FA3C}.Debug|x86.Build.0 = Debug|Win32
		{53B24E6B-6A6F-4F7A-BA81-6778BD80FA3C}.Release|x64.ActiveCfg = Release|x64
		{53B24E6B-6A6F-4F7A-BA81-6778BD80FA3C}.Release|x64.Build.0 = Release|x64
		{53B24E6B-6A6F-4F7A-BA81-6778BD80FA3C}.Release|x86.ActiveCfg = Release|Win32
		{53B24E6B-6A6F-4F7A-BA81-6778BD80FA3C}.Release|x86.Build.0 = Release|Win32
	EndGlobalSection
	GlobalSection(SolutionProperties) = preSolution
		HideSolutionNode = FALSE
	EndGlobalSection
	GlobalSection(ExtensibilityGlobals) = postSolution
		SolutionGuid = {9764D4BC-B31D-47DE-A3FF-377639B302A2}
	EndGlobalSection
EndGlobal
